// !$*UTF8*$!
{
	archiveVersion = 1;
	classes = {
	};
	objectVersion = 46;
	objects = {

/* Begin PBXBuildFile section */
		6B3DB7071F215F5A00014076 /* AppDelegate.swift in Sources */ = {isa = PBXBuildFile; fileRef = 6B3DB7061F215F5A00014076 /* AppDelegate.swift */; };
		6B3DB7091F215F5A00014076 /* ViewController.swift in Sources */ = {isa = PBXBuildFile; fileRef = 6B3DB7081F215F5A00014076 /* ViewController.swift */; };
		6B3DB70C1F215F5A00014076 /* Main.storyboard in Resources */ = {isa = PBXBuildFile; fileRef = 6B3DB70A1F215F5A00014076 /* Main.storyboard */; };
		6B3DB70E1F215F5A00014076 /* Assets.xcassets in Resources */ = {isa = PBXBuildFile; fileRef = 6B3DB70D1F215F5A00014076 /* Assets.xcassets */; };
		6B3DB7111F215F5A00014076 /* LaunchScreen.storyboard in Resources */ = {isa = PBXBuildFile; fileRef = 6B3DB70F1F215F5A00014076 /* LaunchScreen.storyboard */; };
/* End PBXBuildFile section */

/* Begin PBXFileReference section */
		6B3DB7031F215F5A00014076 /* KVScalableLayoutDesign.app */ = {isa = PBXFileReference; explicitFileType = wrapper.application; includeInIndex = 0; path = KVScalableLayoutDesign.app; sourceTree = BUILT_PRODUCTS_DIR; };
		6B3DB7061F215F5A00014076 /* AppDelegate.swift */ = {isa = PBXFileReference; lastKnownFileType = sourcecode.swift; path = AppDelegate.swift; sourceTree = "<group>"; };
		6B3DB7081F215F5A00014076 /* ViewController.swift */ = {isa = PBXFileReference; lastKnownFileType = sourcecode.swift; path = ViewController.swift; sourceTree = "<group>"; };
		6B3DB70B1F215F5A00014076 /* Base */ = {isa = PBXFileReference; lastKnownFileType = file.storyboard; name = Base; path = Base.lproj/Main.storyboard; sourceTree = "<group>"; };
		6B3DB70D1F215F5A00014076 /* Assets.xcassets */ = {isa = PBXFileReference; lastKnownFileType = folder.assetcatalog; path = Assets.xcassets; sourceTree = "<group>"; };
		6B3DB7101F215F5A00014076 /* Base */ = {isa = PBXFileReference; lastKnownFileType = file.storyboard; name = Base; path = Base.lproj/LaunchScreen.storyboard; sourceTree = "<group>"; };
		6B3DB7121F215F5A00014076 /* Info.plist */ = {isa = PBXFileReference; lastKnownFileType = text.plist.xml; path = Info.plist; sourceTree = "<group>"; };
		6B6D119E1F72D45800507A40 /* KVScalableLayoutKit.xcodeproj */ = {isa = PBXFileReference; lastKnownFileType = "wrapper.pb-project"; name = KVScalableLayoutKit.xcodeproj; path = ../KVScalableLayoutKit.xcodeproj; sourceTree = SOURCE_ROOT; };
/* End PBXFileReference section */

/* Begin PBXFrameworksBuildPhase section */
		6B3DB7001F215F5A00014076 /* Frameworks */ = {
			isa = PBXFrameworksBuildPhase;
			buildActionMask = 2147483647;
			files = (
			);
			runOnlyForDeploymentPostprocessing = 0;
		};
/* End PBXFrameworksBuildPhase section */

/* Begin PBXGroup section */
		6B3DB6FA1F215F5A00014076 = {
			isa = PBXGroup;
			children = (
				6B3DB7051F215F5A00014076 /* KVScalableLayoutDesign */,
				6B3DB7041F215F5A00014076 /* Products */,
			);
			sourceTree = "<group>";
		};
		6B3DB7041F215F5A00014076 /* Products */ = {
			isa = PBXGroup;
			children = (
				6B3DB7031F215F5A00014076 /* KVScalableLayoutDesign.app */,
			);
			name = Products;
			sourceTree = "<group>";
		};
		6B3DB7051F215F5A00014076 /* KVScalableLayoutDesign */ = {
			isa = PBXGroup;
			children = (
				6B3DB7061F215F5A00014076 /* AppDelegate.swift */,
				6B3DB7081F215F5A00014076 /* ViewController.swift */,
				6B3DB70A1F215F5A00014076 /* Main.storyboard */,
				6B3DB70D1F215F5A00014076 /* Assets.xcassets */,
				6B3DB70F1F215F5A00014076 /* LaunchScreen.storyboard */,
				6B6D119E1F72D45800507A40 /* KVScalableLayoutKit.xcodeproj */,
				6B3DB7121F215F5A00014076 /* Info.plist */,
			);
			path = KVScalableLayoutDesign;
			sourceTree = "<group>";
		};
/* End PBXGroup section */

/* Begin PBXNativeTarget section */
		6B3DB7021F215F5A00014076 /* KVScalableLayoutDesign */ = {
			isa = PBXNativeTarget;
			buildConfigurationList = 6B3DB7151F215F5A00014076 /* Build configuration list for PBXNativeTarget "KVScalableLayoutDesign" */;
			buildPhases = (
				6B3DB6FF1F215F5A00014076 /* Sources */,
				6B3DB7001F215F5A00014076 /* Frameworks */,
				6B3DB7011F215F5A00014076 /* Resources */,
			);
			buildRules = (
			);
			dependencies = (
			);
			name = KVScalableLayoutDesign;
			productName = KVScalableLayoutDesign;
			productReference = 6B3DB7031F215F5A00014076 /* KVScalableLayoutDesign.app */;
			productType = "com.apple.product-type.application";
		};
/* End PBXNativeTarget section */

/* Begin PBXProject section */
		6B3DB6FB1F215F5A00014076 /* Project object */ = {
			isa = PBXProject;
			attributes = {
				LastSwiftUpdateCheck = 0830;
				LastUpgradeCheck = 0830;
				ORGANIZATIONNAME = Keshav;
				TargetAttributes = {
					6B3DB7021F215F5A00014076 = {
						CreatedOnToolsVersion = 8.3.2;
						ProvisioningStyle = Automatic;
					};
				};
			};
			buildConfigurationList = 6B3DB6FE1F215F5A00014076 /* Build configuration list for PBXProject "KVScalableLayoutDesign" */;
			compatibilityVersion = "Xcode 3.2";
			developmentRegion = English;
			hasScannedForEncodings = 0;
			knownRegions = (
				en,
				Base,
			);
			mainGroup = 6B3DB6FA1F215F5A00014076;
			productRefGroup = 6B3DB7041F215F5A00014076 /* Products */;
			projectDirPath = "";
			projectRoot = "";
			targets = (
				6B3DB7021F215F5A00014076 /* KVScalableLayoutDesign */,
			);
		};
/* End PBXProject section */

/* Begin PBXResourcesBuildPhase section */
		6B3DB7011F215F5A00014076 /* Resources */ = {
			isa = PBXResourcesBuildPhase;
			buildActionMask = 2147483647;
			files = (
				6B3DB7111F215F5A00014076 /* LaunchScreen.storyboard in Resources */,
				6B3DB70E1F215F5A00014076 /* Assets.xcassets in Resources */,
				6B3DB70C1F215F5A00014076 /* Main.storyboard in Resources */,
			);
			runOnlyForDeploymentPostprocessing = 0;
		};
/* End PBXResourcesBuildPhase section */

/* Begin PBXSourcesBuildPhase section */
		6B3DB6FF1F215F5A00014076 /* Sources */ = {
			isa = PBXSourcesBuildPhase;
			buildActionMask = 2147483647;
			files = (
				6B3DB7091F215F5A00014076 /* ViewController.swift in Sources */,
				6B3DB7071F215F5A00014076 /* AppDelegate.swift in Sources */,
			);
			runOnlyForDeploymentPostprocessing = 0;
		};
/* End PBXSourcesBuildPhase section */

/* Begin PBXVariantGroup section */
		6B3DB70A1F215F5A00014076 /* Main.storyboard */ = {
			isa = PBXVariantGroup;
			children = (
				6B3DB70B1F215F5A00014076 /* Base */,
			);
			name = Main.storyboard;
			sourceTree = "<group>";
		};
		6B3DB70F1F215F5A00014076 /* LaunchScreen.storyboard */ = {
			isa = PBXVariantGroup;
			children = (
				6B3DB7101F215F5A00014076 /* Base */,
			);
			name = LaunchScreen.storyboard;
			sourceTree = "<group>";
		};
/* End PBXVariantGroup section */

/* Begin XCBuildConfiguration section */
		6B3DB7131F215F5A00014076 /* Debug */ = {
			isa = XCBuildConfiguration;
			buildSettings = {
				ALWAYS_SEARCH_USER_PATHS = NO;
				CLANG_ANALYZER_NONNULL = YES;
				CLANG_ANALYZER_NUMBER_OBJECT_CONVERSION = YES_AGGRESSIVE;
				CLANG_CXX_LANGUAGE_STANDARD = "gnu++0x";
				CLANG_CXX_LIBRARY = "libc++";
				CLANG_ENABLE_MODULES = YES;
				CLANG_ENABLE_OBJC_ARC = YES;
				CLANG_WARN_BOOL_CONVERSION = YES;
				CLANG_WARN_CONSTANT_CONVERSION = YES;
				CLANG_WARN_DIRECT_OBJC_ISA_USAGE = YES_ERROR;
				CLANG_WARN_DOCUMENTATION_COMMENTS = YES;
				CLANG_WARN_EMPTY_BODY = YES;
				CLANG_WARN_ENUM_CONVERSION = YES;
				CLANG_WARN_INFINITE_RECURSION = YES;
				CLANG_WARN_INT_CONVERSION = YES;
				CLANG_WARN_OBJC_ROOT_CLASS = YES_ERROR;
				CLANG_WARN_SUSPICIOUS_MOVE = YES;
				CLANG_WARN_UNREACHABLE_CODE = YES;
				CLANG_WARN__DUPLICATE_METHOD_MATCH = YES;
				"CODE_SIGN_IDENTITY[sdk=iphoneos*]" = "iPhone Developer";
				COPY_PHASE_STRIP = NO;
				DEBUG_INFORMATION_FORMAT = dwarf;
				ENABLE_STRICT_OBJC_MSGSEND = YES;
				ENABLE_TESTABILITY = YES;
				GCC_C_LANGUAGE_STANDARD = gnu99;
				GCC_DYNAMIC_NO_PIC = NO;
				GCC_NO_COMMON_BLOCKS = YES;
				GCC_OPTIMIZATION_LEVEL = 0;
				GCC_PREPROCESSOR_DEFINITIONS = (
					"DEBUG=1",
					"$(inherited)",
				);
				GCC_WARN_64_TO_32_BIT_CONVERSION = YES;
				GCC_WARN_ABOUT_RETURN_TYPE = YES_ERROR;
				GCC_WARN_UNDECLARED_SELECTOR = YES;
				GCC_WARN_UNINITIALIZED_AUTOS = YES_AGGRESSIVE;
				GCC_WARN_UNUSED_FUNCTION = YES;
				GCC_WARN_UNUSED_VARIABLE = YES;
				IPHONEOS_DEPLOYMENT_TARGET = 10.3;
				MTL_ENABLE_DEBUG_INFO = YES;
				ONLY_ACTIVE_ARCH = YES;
				SDKROOT = iphoneos;
				SWIFT_ACTIVE_COMPILATION_CONDITIONS = DEBUG;
				SWIFT_OPTIMIZATION_LEVEL = "-Onone";
				TARGETED_DEVICE_FAMILY = "1,2";
			};
			name = Debug;
		};
		6B3DB7141F215F5A00014076 /* Release */ = {
			isa = XCBuildConfiguration;
			buildSettings = {
				ALWAYS_SEARCH_USER_PATHS = NO;
				CLANG_ANALYZER_NONNULL = YES;
				CLANG_ANALYZER_NUMBER_OBJECT_CONVERSION = YES_AGGRESSIVE;
				CLANG_CXX_LANGUAGE_STANDARD = "gnu++0x";
				CLANG_CXX_LIBRARY = "libc++";
				CLANG_ENABLE_MODULES = YES;
				CLANG_ENABLE_OBJC_ARC = YES;
				CLANG_WARN_BOOL_CONVERSION = YES;
				CLANG_WARN_CONSTANT_CONVERSION = YES;
				CLANG_WARN_DIRECT_OBJC_ISA_USAGE = YES_ERROR;
				CLANG_WARN_DOCUMENTATION_COMMENTS = YES;
				CLANG_WARN_EMPTY_BODY = YES;
				CLANG_WARN_ENUM_CONVERSION = YES;
				CLANG_WARN_INFINITE_RECURSION = YES;
				CLANG_WARN_INT_CONVERSION = YES;
				CLANG_WARN_OBJC_ROOT_CLASS = YES_ERROR;
				CLANG_WARN_SUSPICIOUS_MOVE = YES;
				CLANG_WARN_UNREACHABLE_CODE = YES;
				CLANG_WARN__DUPLICATE_METHOD_MATCH = YES;
				"CODE_SIGN_IDENTITY[sdk=iphoneos*]" = "iPhone Developer";
				COPY_PHASE_STRIP = NO;
				DEBUG_INFORMATION_FORMAT = "dwarf-with-dsym";
				ENABLE_NS_ASSERTIONS = NO;
				ENABLE_STRICT_OBJC_MSGSEND = YES;
				GCC_C_LANGUAGE_STANDARD = gnu99;
				GCC_NO_COMMON_BLOCKS = YES;
				GCC_WARN_64_TO_32_BIT_CONVERSION = YES;
				GCC_WARN_ABOUT_RETURN_TYPE = YES_ERROR;
				GCC_WARN_UNDECLARED_SELECTOR = YES;
				GCC_WARN_UNINITIALIZED_AUTOS = YES_AGGRESSIVE;
				GCC_WARN_UNUSED_FUNCTION = YES;
				GCC_WARN_UNUSED_VARIABLE = YES;
				IPHONEOS_DEPLOYMENT_TARGET = 10.3;
				MTL_ENABLE_DEBUG_INFO = NO;
				SDKROOT = iphoneos;
				SWIFT_OPTIMIZATION_LEVEL = "-Owholemodule";
				TARGETED_DEVICE_FAMILY = "1,2";
				VALIDATE_PRODUCT = YES;
			};
			name = Release;
		};
		6B3DB7161F215F5A00014076 /* Debug */ = {
			isa = XCBuildConfiguration;
			buildSettings = {
				ASSETCATALOG_COMPILER_APPICON_NAME = AppIcon;
				INFOPLIST_FILE = KVScalableLayoutDesign/Info.plist;
				IPHONEOS_DEPLOYMENT_TARGET = 8.0;
				LD_RUNPATH_SEARCH_PATHS = "$(inherited) @executable_path/Frameworks";
				PRODUCT_BUNDLE_IDENTIFIER = keshav.vishwkarma.KVScalableLayoutDesign;
				PRODUCT_NAME = "$(TARGET_NAME)";
				SWIFT_VERSION = 3.0;
			};
			name = Debug;
		};
		6B3DB7171F215F5A00014076 /* Release */ = {
			isa = XCBuildConfiguration;
			buildSettings = {
				ASSETCATALOG_COMPILER_APPICON_NAME = AppIcon;
				INFOPLIST_FILE = KVScalableLayoutDesign/Info.plist;
				IPHONEOS_DEPLOYMENT_TARGET = 8.0;
				LD_RUNPATH_SEARCH_PATHS = "$(inherited) @executable_path/Frameworks";
				PRODUCT_BUNDLE_IDENTIFIER = keshav.vishwkarma.KVScalableLayoutDesign;
				PRODUCT_NAME = "$(TARGET_NAME)";
				SWIFT_VERSION = 3.0;
			};
			name = Release;
		};
/* End XCBuildConfiguration section */

/* Begin XCConfigurationList section */
		6B3DB6FE1F215F5A00014076 /* Build configuration list for PBXProject "KVScalableLayoutDesign" */ = {
			isa = XCConfigurationList;
			buildConfigurations = (
				6B3DB7131F215F5A00014076 /* Debug */,
				6B3DB7141F215F5A00014076 /* Release */,
			);
			defaultConfigurationIsVisible = 0;
			defaultConfigurationName = Release;
		};
		6B3DB7151F215F5A00014076 /* Build configuration list for PBXNativeTarget "KVScalableLayoutDesign" */ = {
			isa = XCConfigurationList;
			buildConfigurations = (
				6B3DB7161F215F5A00014076 /* Debug */,
				6B3DB7171F215F5A00014076 /* Release */,
			);
			defaultConfigurationIsVisible = 0;
			defaultConfigurationName = Release;
		};
/* End XCConfigurationList section */
	};
	rootObject = 6B3DB6FB1F215F5A00014076 /* Project object */;
}
